// !$*UTF8*$!
{
	archiveVersion = 1;
	classes = {
	};
	objectVersion = 55;
	objects = {

/* Begin PBXBuildFile section */
		F381EE292875F30B0068BBFD /* AppDelegate.swift in Sources */ = {isa = PBXBuildFile; fileRef = F381EE282875F30B0068BBFD /* AppDelegate.swift */; };
		F381EE2B2875F30B0068BBFD /* SceneDelegate.swift in Sources */ = {isa = PBXBuildFile; fileRef = F381EE2A2875F30B0068BBFD /* SceneDelegate.swift */; };
		F381EE2D2875F30B0068BBFD /* ViewController.swift in Sources */ = {isa = PBXBuildFile; fileRef = F381EE2C2875F30B0068BBFD /* ViewController.swift */; };
		F381EE302875F30B0068BBFD /* Main.storyboard in Resources */ = {isa = PBXBuildFile; fileRef = F381EE2E2875F30B0068BBFD /* Main.storyboard */; };
		F381EE322875F30C0068BBFD /* Assets.xcassets in Resources */ = {isa = PBXBuildFile; fileRef = F381EE312875F30C0068BBFD /* Assets.xcassets */; };
		F381EE352875F30C0068BBFD /* LaunchScreen.storyboard in Resources */ = {isa = PBXBuildFile; fileRef = F381EE332875F30C0068BBFD /* LaunchScreen.storyboard */; };
		F381EE402875F30C0068BBFD /* StoryboardTestTests.swift in Sources */ = {isa = PBXBuildFile; fileRef = F381EE3F2875F30C0068BBFD /* StoryboardTestTests.swift */; };
		F381EE4A2875F30C0068BBFD /* StoryboardTestUITests.swift in Sources */ = {isa = PBXBuildFile; fileRef = F381EE492875F30C0068BBFD /* StoryboardTestUITests.swift */; };
		F381EE4C2875F30C0068BBFD /* StoryboardTestUITestsLaunchTests.swift in Sources */ = {isa = PBXBuildFile; fileRef = F381EE4B2875F30C0068BBFD /* StoryboardTestUITestsLaunchTests.swift */; };
		F381EE612875FD750068BBFD /* axeDevToolsUIKit.xcframework in Frameworks */ = {isa = PBXBuildFile; fileRef = F381EE602875FD750068BBFD /* axeDevToolsUIKit.xcframework */; };
/* End PBXBuildFile section */

/* Begin PBXContainerItemProxy section */
		F381EE3C2875F30C0068BBFD /* PBXContainerItemProxy */ = {
			isa = PBXContainerItemProxy;
			containerPortal = F381EE1D2875F30B0068BBFD /* Project object */;
			proxyType = 1;
			remoteGlobalIDString = F381EE242875F30B0068BBFD;
			remoteInfo = StoryboardTest;
		};
		F381EE462875F30C0068BBFD /* PBXContainerItemProxy */ = {
			isa = PBXContainerItemProxy;
			containerPortal = F381EE1D2875F30B0068BBFD /* Project object */;
			proxyType = 1;
			remoteGlobalIDString = F381EE242875F30B0068BBFD;
			remoteInfo = StoryboardTest;
		};
/* End PBXContainerItemProxy section */

/* Begin PBXCopyFilesBuildPhase section */
		F381EE5F2875FCF60068BBFD /* Embed Frameworks */ = {
			isa = PBXCopyFilesBuildPhase;
			buildActionMask = 2147483647;
			dstPath = "";
			dstSubfolderSpec = 10;
			files = (
			);
			name = "Embed Frameworks";
			runOnlyForDeploymentPostprocessing = 0;
		};
/* End PBXCopyFilesBuildPhase section */

/* Begin PBXFileReference section */
		F381EE252875F30B0068BBFD /* StoryboardTest.app */ = {isa = PBXFileReference; explicitFileType = wrapper.application; includeInIndex = 0; path = StoryboardTest.app; sourceTree = BUILT_PRODUCTS_DIR; };
		F381EE282875F30B0068BBFD /* AppDelegate.swift */ = {isa = PBXFileReference; lastKnownFileType = sourcecode.swift; path = AppDelegate.swift; sourceTree = "<group>"; };
		F381EE2A2875F30B0068BBFD /* SceneDelegate.swift */ = {isa = PBXFileReference; lastKnownFileType = sourcecode.swift; path = SceneDelegate.swift; sourceTree = "<group>"; };
		F381EE2C2875F30B0068BBFD /* ViewController.swift */ = {isa = PBXFileReference; lastKnownFileType = sourcecode.swift; path = ViewController.swift; sourceTree = "<group>"; };
		F381EE2F2875F30B0068BBFD /* Base */ = {isa = PBXFileReference; lastKnownFileType = file.storyboard; name = Base; path = Base.lproj/Main.storyboard; sourceTree = "<group>"; };
		F381EE312875F30C0068BBFD /* Assets.xcassets */ = {isa = PBXFileReference; lastKnownFileType = folder.assetcatalog; path = Assets.xcassets; sourceTree = "<group>"; };
		F381EE342875F30C0068BBFD /* Base */ = {isa = PBXFileReference; lastKnownFileType = file.storyboard; name = Base; path = Base.lproj/LaunchScreen.storyboard; sourceTree = "<group>"; };
		F381EE362875F30C0068BBFD /* Info.plist */ = {isa = PBXFileReference; lastKnownFileType = text.plist.xml; path = Info.plist; sourceTree = "<group>"; };
		F381EE3B2875F30C0068BBFD /* StoryboardTestTests.xctest */ = {isa = PBXFileReference; explicitFileType = wrapper.cfbundle; includeInIndex = 0; path = StoryboardTestTests.xctest; sourceTree = BUILT_PRODUCTS_DIR; };
		F381EE3F2875F30C0068BBFD /* StoryboardTestTests.swift */ = {isa = PBXFileReference; lastKnownFileType = sourcecode.swift; path = StoryboardTestTests.swift; sourceTree = "<group>"; };
		F381EE452875F30C0068BBFD /* StoryboardTestUITests.xctest */ = {isa = PBXFileReference; explicitFileType = wrapper.cfbundle; includeInIndex = 0; path = StoryboardTestUITests.xctest; sourceTree = BUILT_PRODUCTS_DIR; };
		F381EE492875F30C0068BBFD /* StoryboardTestUITests.swift */ = {isa = PBXFileReference; lastKnownFileType = sourcecode.swift; path = StoryboardTestUITests.swift; sourceTree = "<group>"; };
		F381EE4B2875F30C0068BBFD /* StoryboardTestUITestsLaunchTests.swift */ = {isa = PBXFileReference; lastKnownFileType = sourcecode.swift; path = StoryboardTestUITestsLaunchTests.swift; sourceTree = "<group>"; };
		F381EE602875FD750068BBFD /* axeDevToolsUIKit.xcframework */ = {isa = PBXFileReference; lastKnownFileType = wrapper.xcframework; name = axeDevToolsUIKit.xcframework; path = ../axeDevToolsUIKit.xcframework; sourceTree = "<group>"; };
/* End PBXFileReference section */

/* Begin PBXFrameworksBuildPhase section */
		F381EE222875F30B0068BBFD /* Frameworks */ = {
			isa = PBXFrameworksBuildPhase;
			buildActionMask = 2147483647;
			files = (
				F381EE612875FD750068BBFD /* axeDevToolsUIKit.xcframework in Frameworks */,
			);
			runOnlyForDeploymentPostprocessing = 0;
		};
		F381EE382875F30C0068BBFD /* Frameworks */ = {
			isa = PBXFrameworksBuildPhase;
			buildActionMask = 2147483647;
			files = (
			);
			runOnlyForDeploymentPostprocessing = 0;
		};
		F381EE422875F30C0068BBFD /* Frameworks */ = {
			isa = PBXFrameworksBuildPhase;
			buildActionMask = 2147483647;
			files = (
			);
			runOnlyForDeploymentPostprocessing = 0;
		};
/* End PBXFrameworksBuildPhase section */

/* Begin PBXGroup section */
		F381EE1C2875F30B0068BBFD = {
			isa = PBXGroup;
			children = (
				F381EE272875F30B0068BBFD /* StoryboardTest */,
				F381EE3E2875F30C0068BBFD /* StoryboardTestTests */,
				F381EE482875F30C0068BBFD /* StoryboardTestUITests */,
				F381EE262875F30B0068BBFD /* Products */,
				F381EE582875F8640068BBFD /* Frameworks */,
			);
			sourceTree = "<group>";
		};
		F381EE262875F30B0068BBFD /* Products */ = {
			isa = PBXGroup;
			children = (
				F381EE252875F30B0068BBFD /* StoryboardTest.app */,
				F381EE3B2875F30C0068BBFD /* StoryboardTestTests.xctest */,
				F381EE452875F30C0068BBFD /* StoryboardTestUITests.xctest */,
			);
			name = Products;
			sourceTree = "<group>";
		};
		F381EE272875F30B0068BBFD /* StoryboardTest */ = {
			isa = PBXGroup;
			children = (
				F381EE282875F30B0068BBFD /* AppDelegate.swift */,
				F381EE2A2875F30B0068BBFD /* SceneDelegate.swift */,
				F381EE2C2875F30B0068BBFD /* ViewController.swift */,
				F381EE2E2875F30B0068BBFD /* Main.storyboard */,
				F381EE312875F30C0068BBFD /* Assets.xcassets */,
				F381EE332875F30C0068BBFD /* LaunchScreen.storyboard */,
				F381EE362875F30C0068BBFD /* Info.plist */,
			);
			path = StoryboardTest;
			sourceTree = "<group>";
		};
		F381EE3E2875F30C0068BBFD /* StoryboardTestTests */ = {
			isa = PBXGroup;
			children = (
				F381EE3F2875F30C0068BBFD /* StoryboardTestTests.swift */,
			);
			path = StoryboardTestTests;
			sourceTree = "<group>";
		};
		F381EE482875F30C0068BBFD /* StoryboardTestUITests */ = {
			isa = PBXGroup;
			children = (
				F381EE492875F30C0068BBFD /* StoryboardTestUITests.swift */,
				F381EE4B2875F30C0068BBFD /* StoryboardTestUITestsLaunchTests.swift */,
			);
			path = StoryboardTestUITests;
			sourceTree = "<group>";
		};
		F381EE582875F8640068BBFD /* Frameworks */ = {
			isa = PBXGroup;
			children = (
				F381EE602875FD750068BBFD /* axeDevToolsUIKit.xcframework */,
			);
			name = Frameworks;
			sourceTree = "<group>";
		};
/* End PBXGroup section */

/* Begin PBXNativeTarget section */
		F381EE242875F30B0068BBFD /* StoryboardTest */ = {
			isa = PBXNativeTarget;
			buildConfigurationList = F381EE4F2875F30C0068BBFD /* Build configuration list for PBXNativeTarget "StoryboardTest" */;
			buildPhases = (
				F381EE212875F30B0068BBFD /* Sources */,
				F381EE222875F30B0068BBFD /* Frameworks */,
				F381EE232875F30B0068BBFD /* Resources */,
				F381EE5F2875FCF60068BBFD /* Embed Frameworks */,
			);
			buildRules = (
			);
			dependencies = (
			);
			name = StoryboardTest;
			productName = StoryboardTest;
			productReference = F381EE252875F30B0068BBFD /* StoryboardTest.app */;
			productType = "com.apple.product-type.application";
		};
		F381EE3A2875F30C0068BBFD /* StoryboardTestTests */ = {
			isa = PBXNativeTarget;
			buildConfigurationList = F381EE522875F30C0068BBFD /* Build configuration list for PBXNativeTarget "StoryboardTestTests" */;
			buildPhases = (
				F381EE372875F30C0068BBFD /* Sources */,
				F381EE382875F30C0068BBFD /* Frameworks */,
				F381EE392875F30C0068BBFD /* Resources */,
			);
			buildRules = (
			);
			dependencies = (
				F381EE3D2875F30C0068BBFD /* PBXTargetDependency */,
			);
			name = StoryboardTestTests;
			productName = StoryboardTestTests;
			productReference = F381EE3B2875F30C0068BBFD /* StoryboardTestTests.xctest */;
			productType = "com.apple.product-type.bundle.unit-test";
		};
		F381EE442875F30C0068BBFD /* StoryboardTestUITests */ = {
			isa = PBXNativeTarget;
			buildConfigurationList = F381EE552875F30C0068BBFD /* Build configuration list for PBXNativeTarget "StoryboardTestUITests" */;
			buildPhases = (
				F381EE412875F30C0068BBFD /* Sources */,
				F381EE422875F30C0068BBFD /* Frameworks */,
				F381EE432875F30C0068BBFD /* Resources */,
			);
			buildRules = (
			);
			dependencies = (
				F381EE472875F30C0068BBFD /* PBXTargetDependency */,
			);
			name = StoryboardTestUITests;
			productName = StoryboardTestUITests;
			productReference = F381EE452875F30C0068BBFD /* StoryboardTestUITests.xctest */;
			productType = "com.apple.product-type.bundle.ui-testing";
		};
/* End PBXNativeTarget section */

/* Begin PBXProject section */
		F381EE1D2875F30B0068BBFD /* Project object */ = {
			isa = PBXProject;
			attributes = {
				BuildIndependentTargetsInParallel = 1;
				LastSwiftUpdateCheck = 1340;
				LastUpgradeCheck = 1340;
				TargetAttributes = {
					F381EE242875F30B0068BBFD = {
						CreatedOnToolsVersion = 13.4.1;
					};
					F381EE3A2875F30C0068BBFD = {
						CreatedOnToolsVersion = 13.4.1;
						TestTargetID = F381EE242875F30B0068BBFD;
					};
					F381EE442875F30C0068BBFD = {
						CreatedOnToolsVersion = 13.4.1;
						TestTargetID = F381EE242875F30B0068BBFD;
					};
				};
			};
			buildConfigurationList = F381EE202875F30B0068BBFD /* Build configuration list for PBXProject "StoryboardTest" */;
			compatibilityVersion = "Xcode 13.0";
			developmentRegion = en;
			hasScannedForEncodings = 0;
			knownRegions = (
				en,
				Base,
			);
			mainGroup = F381EE1C2875F30B0068BBFD;
			productRefGroup = F381EE262875F30B0068BBFD /* Products */;
			projectDirPath = "";
			projectRoot = "";
			targets = (
				F381EE242875F30B0068BBFD /* StoryboardTest */,
				F381EE3A2875F30C0068BBFD /* StoryboardTestTests */,
				F381EE442875F30C0068BBFD /* StoryboardTestUITests */,
			);
		};
/* End PBXProject section */

/* Begin PBXResourcesBuildPhase section */
		F381EE232875F30B0068BBFD /* Resources */ = {
			isa = PBXResourcesBuildPhase;
			buildActionMask = 2147483647;
			files = (
				F381EE352875F30C0068BBFD /* LaunchScreen.storyboard in Resources */,
				F381EE322875F30C0068BBFD /* Assets.xcassets in Resources */,
				F381EE302875F30B0068BBFD /* Main.storyboard in Resources */,
			);
			runOnlyForDeploymentPostprocessing = 0;
		};
		F381EE392875F30C0068BBFD /* Resources */ = {
			isa = PBXResourcesBuildPhase;
			buildActionMask = 2147483647;
			files = (
			);
			runOnlyForDeploymentPostprocessing = 0;
		};
		F381EE432875F30C0068BBFD /* Resources */ = {
			isa = PBXResourcesBuildPhase;
			buildActionMask = 2147483647;
			files = (
			);
			runOnlyForDeploymentPostprocessing = 0;
		};
/* End PBXResourcesBuildPhase section */

/* Begin PBXSourcesBuildPhase section */
		F381EE212875F30B0068BBFD /* Sources */ = {
			isa = PBXSourcesBuildPhase;
			buildActionMask = 2147483647;
			files = (
				F381EE2D2875F30B0068BBFD /* ViewController.swift in Sources */,
				F381EE292875F30B0068BBFD /* AppDelegate.swift in Sources */,
				F381EE2B2875F30B0068BBFD /* SceneDelegate.swift in Sources */,
			);
			runOnlyForDeploymentPostprocessing = 0;
		};
		F381EE372875F30C0068BBFD /* Sources */ = {
			isa = PBXSourcesBuildPhase;
			buildActionMask = 2147483647;
			files = (
				F381EE402875F30C0068BBFD /* StoryboardTestTests.swift in Sources */,
			);
			runOnlyForDeploymentPostprocessing = 0;
		};
		F381EE412875F30C0068BBFD /* Sources */ = {
			isa = PBXSourcesBuildPhase;
			buildActionMask = 2147483647;
			files = (
				F381EE4A2875F30C0068BBFD /* StoryboardTestUITests.swift in Sources */,
				F381EE4C2875F30C0068BBFD /* StoryboardTestUITestsLaunchTests.swift in Sources */,
			);
			runOnlyForDeploymentPostprocessing = 0;
		};
/* End PBXSourcesBuildPhase section */

/* Begin PBXTargetDependency section */
		F381EE3D2875F30C0068BBFD /* PBXTargetDependency */ = {
			isa = PBXTargetDependency;
			target = F381EE242875F30B0068BBFD /* StoryboardTest */;
			targetProxy = F381EE3C2875F30C0068BBFD /* PBXContainerItemProxy */;
		};
		F381EE472875F30C0068BBFD /* PBXTargetDependency */ = {
			isa = PBXTargetDependency;
			target = F381EE242875F30B0068BBFD /* StoryboardTest */;
			targetProxy = F381EE462875F30C0068BBFD /* PBXContainerItemProxy */;
		};
/* End PBXTargetDependency section */

/* Begin PBXVariantGroup section */
		F381EE2E2875F30B0068BBFD /* Main.storyboard */ = {
			isa = PBXVariantGroup;
			children = (
				F381EE2F2875F30B0068BBFD /* Base */,
			);
			name = Main.storyboard;
			sourceTree = "<group>";
		};
		F381EE332875F30C0068BBFD /* LaunchScreen.storyboard */ = {
			isa = PBXVariantGroup;
			children = (
				F381EE342875F30C0068BBFD /* Base */,
			);
			name = LaunchScreen.storyboard;
			sourceTree = "<group>";
		};
/* End PBXVariantGroup section */

/* Begin XCBuildConfiguration section */
		F381EE4D2875F30C0068BBFD /* Debug */ = {
			isa = XCBuildConfiguration;
			buildSettings = {
				ALWAYS_SEARCH_USER_PATHS = NO;
				CLANG_ANALYZER_NONNULL = YES;
				CLANG_ANALYZER_NUMBER_OBJECT_CONVERSION = YES_AGGRESSIVE;
				CLANG_CXX_LANGUAGE_STANDARD = "gnu++17";
				CLANG_ENABLE_MODULES = YES;
				CLANG_ENABLE_OBJC_ARC = YES;
				CLANG_ENABLE_OBJC_WEAK = YES;
				CLANG_WARN_BLOCK_CAPTURE_AUTORELEASING = YES;
				CLANG_WARN_BOOL_CONVERSION = YES;
				CLANG_WARN_COMMA = YES;
				CLANG_WARN_CONSTANT_CONVERSION = YES;
				CLANG_WARN_DEPRECATED_OBJC_IMPLEMENTATIONS = YES;
				CLANG_WARN_DIRECT_OBJC_ISA_USAGE = YES_ERROR;
				CLANG_WARN_DOCUMENTATION_COMMENTS = YES;
				CLANG_WARN_EMPTY_BODY = YES;
				CLANG_WARN_ENUM_CONVERSION = YES;
				CLANG_WARN_INFINITE_RECURSION = YES;
				CLANG_WARN_INT_CONVERSION = YES;
				CLANG_WARN_NON_LITERAL_NULL_CONVERSION = YES;
				CLANG_WARN_OBJC_IMPLICIT_RETAIN_SELF = YES;
				CLANG_WARN_OBJC_LITERAL_CONVERSION = YES;
				CLANG_WARN_OBJC_ROOT_CLASS = YES_ERROR;
				CLANG_WARN_QUOTED_INCLUDE_IN_FRAMEWORK_HEADER = YES;
				CLANG_WARN_RANGE_LOOP_ANALYSIS = YES;
				CLANG_WARN_STRICT_PROTOTYPES = YES;
				CLANG_WARN_SUSPICIOUS_MOVE = YES;
				CLANG_WARN_UNGUARDED_AVAILABILITY = YES_AGGRESSIVE;
				CLANG_WARN_UNREACHABLE_CODE = YES;
				CLANG_WARN__DUPLICATE_METHOD_MATCH = YES;
				COPY_PHASE_STRIP = NO;
				DEBUG_INFORMATION_FORMAT = dwarf;
				ENABLE_STRICT_OBJC_MSGSEND = YES;
				ENABLE_TESTABILITY = YES;
				GCC_C_LANGUAGE_STANDARD = gnu11;
				GCC_DYNAMIC_NO_PIC = NO;
				GCC_NO_COMMON_BLOCKS = YES;
				GCC_OPTIMIZATION_LEVEL = 0;
				GCC_PREPROCESSOR_DEFINITIONS = (
					"DEBUG=1",
					"$(inherited)",
				);
				GCC_WARN_64_TO_32_BIT_CONVERSION = YES;
				GCC_WARN_ABOUT_RETURN_TYPE = YES_ERROR;
				GCC_WARN_UNDECLARED_SELECTOR = YES;
				GCC_WARN_UNINITIALIZED_AUTOS = YES_AGGRESSIVE;
				GCC_WARN_UNUSED_FUNCTION = YES;
				GCC_WARN_UNUSED_VARIABLE = YES;
				IPHONEOS_DEPLOYMENT_TARGET = 15.5;
				MTL_ENABLE_DEBUG_INFO = INCLUDE_SOURCE;
				MTL_FAST_MATH = YES;
				ONLY_ACTIVE_ARCH = YES;
				SDKROOT = iphoneos;
				SWIFT_ACTIVE_COMPILATION_CONDITIONS = DEBUG;
				SWIFT_OPTIMIZATION_LEVEL = "-Onone";
			};
			name = Debug;
		};
		F381EE4E2875F30C0068BBFD /* Release */ = {
			isa = XCBuildConfiguration;
			buildSettings = {
				ALWAYS_SEARCH_USER_PATHS = NO;
				CLANG_ANALYZER_NONNULL = YES;
				CLANG_ANALYZER_NUMBER_OBJECT_CONVERSION = YES_AGGRESSIVE;
				CLANG_CXX_LANGUAGE_STANDARD = "gnu++17";
				CLANG_ENABLE_MODULES = YES;
				CLANG_ENABLE_OBJC_ARC = YES;
				CLANG_ENABLE_OBJC_WEAK = YES;
				CLANG_WARN_BLOCK_CAPTURE_AUTORELEASING = YES;
				CLANG_WARN_BOOL_CONVERSION = YES;
				CLANG_WARN_COMMA = YES;
				CLANG_WARN_CONSTANT_CONVERSION = YES;
				CLANG_WARN_DEPRECATED_OBJC_IMPLEMENTATIONS = YES;
				CLANG_WARN_DIRECT_OBJC_ISA_USAGE = YES_ERROR;
				CLANG_WARN_DOCUMENTATION_COMMENTS = YES;
				CLANG_WARN_EMPTY_BODY = YES;
				CLANG_WARN_ENUM_CONVERSION = YES;
				CLANG_WARN_INFINITE_RECURSION = YES;
				CLANG_WARN_INT_CONVERSION = YES;
				CLANG_WARN_NON_LITERAL_NULL_CONVERSION = YES;
				CLANG_WARN_OBJC_IMPLICIT_RETAIN_SELF = YES;
				CLANG_WARN_OBJC_LITERAL_CONVERSION = YES;
				CLANG_WARN_OBJC_ROOT_CLASS = YES_ERROR;
				CLANG_WARN_QUOTED_INCLUDE_IN_FRAMEWORK_HEADER = YES;
				CLANG_WARN_RANGE_LOOP_ANALYSIS = YES;
				CLANG_WARN_STRICT_PROTOTYPES = YES;
				CLANG_WARN_SUSPICIOUS_MOVE = YES;
				CLANG_WARN_UNGUARDED_AVAILABILITY = YES_AGGRESSIVE;
				CLANG_WARN_UNREACHABLE_CODE = YES;
				CLANG_WARN__DUPLICATE_METHOD_MATCH = YES;
				COPY_PHASE_STRIP = NO;
				DEBUG_INFORMATION_FORMAT = "dwarf-with-dsym";
				ENABLE_NS_ASSERTIONS = NO;
				ENABLE_STRICT_OBJC_MSGSEND = YES;
				GCC_C_LANGUAGE_STANDARD = gnu11;
				GCC_NO_COMMON_BLOCKS = YES;
				GCC_WARN_64_TO_32_BIT_CONVERSION = YES;
				GCC_WARN_ABOUT_RETURN_TYPE = YES_ERROR;
				GCC_WARN_UNDECLARED_SELECTOR = YES;
				GCC_WARN_UNINITIALIZED_AUTOS = YES_AGGRESSIVE;
				GCC_WARN_UNUSED_FUNCTION = YES;
				GCC_WARN_UNUSED_VARIABLE = YES;
				IPHONEOS_DEPLOYMENT_TARGET = 15.5;
				MTL_ENABLE_DEBUG_INFO = NO;
				MTL_FAST_MATH = YES;
				SDKROOT = iphoneos;
				SWIFT_COMPILATION_MODE = wholemodule;
				SWIFT_OPTIMIZATION_LEVEL = "-O";
				VALIDATE_PRODUCT = YES;
			};
			name = Release;
		};
		F381EE502875F30C0068BBFD /* Debug */ = {
			isa = XCBuildConfiguration;
			buildSettings = {
				ASSETCATALOG_COMPILER_APPICON_NAME = AppIcon;
				ASSETCATALOG_COMPILER_GLOBAL_ACCENT_COLOR_NAME = AccentColor;
				CODE_SIGN_STYLE = Automatic;
				CURRENT_PROJECT_VERSION = 1;
				DEVELOPMENT_TEAM = 2ZZQGXN669;
				GENERATE_INFOPLIST_FILE = YES;
				INFOPLIST_FILE = StoryboardTest/Info.plist;
				INFOPLIST_KEY_UIApplicationSupportsIndirectInputEvents = YES;
				INFOPLIST_KEY_UILaunchStoryboardName = LaunchScreen;
				INFOPLIST_KEY_UIMainStoryboardFile = Main;
				INFOPLIST_KEY_UISupportedInterfaceOrientations_iPad = "UIInterfaceOrientationPortrait UIInterfaceOrientationPortraitUpsideDown UIInterfaceOrientationLandscapeLeft UIInterfaceOrientationLandscapeRight";
				INFOPLIST_KEY_UISupportedInterfaceOrientations_iPhone = "UIInterfaceOrientationPortrait UIInterfaceOrientationLandscapeLeft UIInterfaceOrientationLandscapeRight";
				LD_RUNPATH_SEARCH_PATHS = (
					"$(inherited)",
					"@executable_path/Frameworks",
				);
				MARKETING_VERSION = 1.0;
				PRODUCT_BUNDLE_IDENTIFIER = com.dequesystems.StoryboardTest;
				PRODUCT_NAME = "$(TARGET_NAME)";
				SWIFT_EMIT_LOC_STRINGS = YES;
				SWIFT_VERSION = 5.0;
				TARGETED_DEVICE_FAMILY = "1,2";
			};
			name = Debug;
		};
		F381EE512875F30C0068BBFD /* Release */ = {
			isa = XCBuildConfiguration;
			buildSettings = {
				ASSETCATALOG_COMPILER_APPICON_NAME = AppIcon;
				ASSETCATALOG_COMPILER_GLOBAL_ACCENT_COLOR_NAME = AccentColor;
				CODE_SIGN_STYLE = Automatic;
				CURRENT_PROJECT_VERSION = 1;
				DEVELOPMENT_TEAM = 2ZZQGXN669;
				GENERATE_INFOPLIST_FILE = YES;
				INFOPLIST_FILE = StoryboardTest/Info.plist;
				INFOPLIST_KEY_UIApplicationSupportsIndirectInputEvents = YES;
				INFOPLIST_KEY_UILaunchStoryboardName = LaunchScreen;
				INFOPLIST_KEY_UIMainStoryboardFile = Main;
				INFOPLIST_KEY_UISupportedInterfaceOrientations_iPad = "UIInterfaceOrientationPortrait UIInterfaceOrientationPortraitUpsideDown UIInterfaceOrientationLandscapeLeft UIInterfaceOrientationLandscapeRight";
				INFOPLIST_KEY_UISupportedInterfaceOrientations_iPhone = "UIInterfaceOrientationPortrait UIInterfaceOrientationLandscapeLeft UIInterfaceOrientationLandscapeRight";
				LD_RUNPATH_SEARCH_PATHS = (
					"$(inherited)",
					"@executable_path/Frameworks",
				);
				MARKETING_VERSION = 1.0;
				PRODUCT_BUNDLE_IDENTIFIER = com.dequesystems.StoryboardTest;
				PRODUCT_NAME = "$(TARGET_NAME)";
				SWIFT_EMIT_LOC_STRINGS = YES;
				SWIFT_VERSION = 5.0;
				TARGETED_DEVICE_FAMILY = "1,2";
			};
			name = Release;
		};
		F381EE532875F30C0068BBFD /* Debug */ = {
			isa = XCBuildConfiguration;
			buildSettings = {
				ALWAYS_EMBED_SWIFT_STANDARD_LIBRARIES = YES;
				BUNDLE_LOADER = "$(TEST_HOST)";
				CODE_SIGN_STYLE = Automatic;
				CURRENT_PROJECT_VERSION = 1;
				DEVELOPMENT_TEAM = 2ZZQGXN669;
				GENERATE_INFOPLIST_FILE = YES;
				IPHONEOS_DEPLOYMENT_TARGET = 15.5;
				MARKETING_VERSION = 1.0;
				PRODUCT_BUNDLE_IDENTIFIER = com.dequesystems.StoryboardTestTests;
				PRODUCT_NAME = "$(TARGET_NAME)";
				SWIFT_EMIT_LOC_STRINGS = NO;
				SWIFT_VERSION = 5.0;
				TARGETED_DEVICE_FAMILY = "1,2";
				TEST_HOST = "$(BUILT_PRODUCTS_DIR)/StoryboardTest.app/StoryboardTest";
			};
			name = Debug;
		};
		F381EE542875F30C0068BBFD /* Release */ = {
			isa = XCBuildConfiguration;
			buildSettings = {
				ALWAYS_EMBED_SWIFT_STANDARD_LIBRARIES = YES;
				BUNDLE_LOADER = "$(TEST_HOST)";
				CODE_SIGN_STYLE = Automatic;
				CURRENT_PROJECT_VERSION = 1;
				DEVELOPMENT_TEAM = 2ZZQGXN669;
				GENERATE_INFOPLIST_FILE = YES;
				IPHONEOS_DEPLOYMENT_TARGET = 15.5;
				MARKETING_VERSION = 1.0;
				PRODUCT_BUNDLE_IDENTIFIER = com.dequesystems.StoryboardTestTests;
				PRODUCT_NAME = "$(TARGET_NAME)";
				SWIFT_EMIT_LOC_STRINGS = NO;
				SWIFT_VERSION = 5.0;
				TARGETED_DEVICE_FAMILY = "1,2";
				TEST_HOST = "$(BUILT_PRODUCTS_DIR)/StoryboardTest.app/StoryboardTest";
			};
			name = Release;
		};
		F381EE562875F30C0068BBFD /* Debug */ = {
			isa = XCBuildConfiguration;
			buildSettings = {
				ALWAYS_EMBED_SWIFT_STANDARD_LIBRARIES = YES;
				CODE_SIGN_STYLE = Automatic;
				CURRENT_PROJECT_VERSION = 1;
				DEVELOPMENT_TEAM = 2ZZQGXN669;
				GENERATE_INFOPLIST_FILE = YES;
				MARKETING_VERSION = 1.0;
				PRODUCT_BUNDLE_IDENTIFIER = com.dequesystems.StoryboardTestUITests;
				PRODUCT_NAME = "$(TARGET_NAME)";
				SWIFT_EMIT_LOC_STRINGS = NO;
				SWIFT_VERSION = 5.0;
				TARGETED_DEVICE_FAMILY = "1,2";
				TEST_TARGET_NAME = StoryboardTest;
			};
			name = Debug;
		};
		F381EE572875F30C0068BBFD /* Release */ = {
			isa = XCBuildConfiguration;
			buildSettings = {
				ALWAYS_EMBED_SWIFT_STANDARD_LIBRARIES = YES;
				CODE_SIGN_STYLE = Automatic;
				CURRENT_PROJECT_VERSION = 1;
				DEVELOPMENT_TEAM = 2ZZQGXN669;
				GENERATE_INFOPLIST_FILE = YES;
				MARKETING_VERSION = 1.0;
				PRODUCT_BUNDLE_IDENTIFIER = com.dequesystems.StoryboardTestUITests;
				PRODUCT_NAME = "$(TARGET_NAME)";
				SWIFT_EMIT_LOC_STRINGS = NO;
				SWIFT_VERSION = 5.0;
				TARGETED_DEVICE_FAMILY = "1,2";
				TEST_TARGET_NAME = StoryboardTest;
			};
			name = Release;
		};
/* End XCBuildConfiguration section */

/* Begin XCConfigurationList section */
		F381EE202875F30B0068BBFD /* Build configuration list for PBXProject "StoryboardTest" */ = {
			isa = XCConfigurationList;
			buildConfigurations = (
				F381EE4D2875F30C0068BBFD /* Debug */,
				F381EE4E2875F30C0068BBFD /* Release */,
			);
			defaultConfigurationIsVisible = 0;
			defaultConfigurationName = Release;
		};
		F381EE4F2875F30C0068BBFD /* Build configuration list for PBXNativeTarget "StoryboardTest" */ = {
			isa = XCConfigurationList;
			buildConfigurations = (
				F381EE502875F30C0068BBFD /* Debug */,
				F381EE512875F30C0068BBFD /* Release */,
			);
			defaultConfigurationIsVisible = 0;
			defaultConfigurationName = Release;
		};
		F381EE522875F30C0068BBFD /* Build configuration list for PBXNativeTarget "StoryboardTestTests" */ = {
			isa = XCConfigurationList;
			buildConfigurations = (
				F381EE532875F30C0068BBFD /* Debug */,
				F381EE542875F30C0068BBFD /* Release */,
			);
			defaultConfigurationIsVisible = 0;
			defaultConfigurationName = Release;
		};
		F381EE552875F30C0068BBFD /* Build configuration list for PBXNativeTarget "StoryboardTestUITests" */ = {
			isa = XCConfigurationList;
			buildConfigurations = (
				F381EE562875F30C0068BBFD /* Debug */,
				F381EE572875F30C0068BBFD /* Release */,
			);
			defaultConfigurationIsVisible = 0;
			defaultConfigurationName = Release;
		};
/* End XCConfigurationList section */
	};
	rootObject = F381EE1D2875F30B0068BBFD /* Project object */;
}
